// !$*UTF8*$!
{
	archiveVersion = 1;
	classes = {
	};
	objectVersion = 56;
	objects = {

/* Begin PBXBuildFile section */
		A1234567890123456789 /* NGXVoiceAgentApp.swift in Sources */ = {isa = PBXBuildFile; fileRef = A1234567890123456789 /* NGXVoiceAgentApp.swift */; };
		A1234567890123456790 /* ContentView.swift in Sources */ = {isa = PBXBuildFile; fileRef = A1234567890123456790 /* ContentView.swift */; };
		A1234567890123456791 /* Assets.xcassets in Resources */ = {isa = PBXBuildFile; fileRef = A1234567890123456791 /* Assets.xcassets */; };
		A1234567890123456792 /* Preview Assets.xcassets in Resources */ = {isa = PBXBuildFile; fileRef = A1234567890123456792 /* Preview Assets.xcassets */; };
/* End PBXBuildFile section */

/* Begin PBXFileReference section */
		A1234567890123456789 /* NGXVoiceAgent.app */ = {isa = PBXFileReference; explicitFileType = wrapper.application; includeInIndex = 0; path = NGXVoiceAgent.app; sourceTree = BUILT_PRODUCTS_DIR; };
		A1234567890123456790 /* NGXVoiceAgentApp.swift */ = {isa = PBXFileReference; lastKnownFileType = sourcecode.swift; path = NGXVoiceAgentApp.swift; sourceTree = "<group>"; };
		A1234567890123456791 /* ContentView.swift */ = {isa = PBXFileReference; lastKnownFileType = sourcecode.swift; path = ContentView.swift; sourceTree = "<group>"; };
		A1234567890123456792 /* Assets.xcassets */ = {isa = PBXFileReference; lastKnownFileType = folder.assetcatalog; path = Assets.xcassets; sourceTree = "<group>"; };
		A1234567890123456793 /* Preview Assets.xcassets */ = {isa = PBXFileReference; lastKnownFileType = folder.assetcatalog; path = "Preview Assets.xcassets"; sourceTree = "<group>"; };
/* End PBXFileReference section */

/* Begin PBXFrameworksBuildPhase section */
		A1234567890123456794 /* Frameworks */ = {
			isa = PBXFrameworksBuildPhase;
			buildActionMask = 2147483647;
			files = (
			);
			runOnlyForDeploymentPostprocessing = 0;
		};
/* End PBXFrameworksBuildPhase section */

/* Begin PBXGroup section */
		A1234567890123456795 = {
			isa = PBXGroup;
			children = (
				A1234567890123456796 /* NGXVoiceAgent */,
				A1234567890123456797 /* Products */,
			);
			sourceTree = "<group>";
		};
		A1234567890123456796 /* NGXVoiceAgent */ = {
			isa = PBXGroup;
			children = (
				A1234567890123456790 /* NGXVoiceAgentApp.swift */,
				A1234567890123456791 /* ContentView.swift */,
				A1234567890123456792 /* Assets.xcassets */,
				A1234567890123456798 /* Preview Content */,
			);
			path = NGXVoiceAgent;
			sourceTree = "<group>";
		};
		A1234567890123456797 /* Products */ = {
			isa = PBXGroup;
			children = (
				A1234567890123456789 /* NGXVoiceAgent.app */,
			);
			name = Products;
			sourceTree = "<group>";
		};
		A1234567890123456798 /* Preview Content */ = {
			isa = PBXGroup;
			children = (
				A1234567890123456793 /* Preview Assets.xcassets */,
			);
			path = "Preview Content";
			sourceTree = "<group>";
		};
/* End PBXGroup section */

/* Begin PBXNativeTarget section */
		A1234567890123456799 /* NGXVoiceAgent */ = {
			isa = PBXNativeTarget;
			buildConfigurationList = A1234567890123456800 /* Build configuration list for PBXNativeTarget "NGXVoiceAgent" */;
			buildPhases = (
				A1234567890123456801 /* Sources */,
				A1234567890123456794 /* Frameworks */,
				A1234567890123456802 /* Resources */,
			);
			buildRules = (
			);
			dependencies = (
			);
			name = NGXVoiceAgent;
			productName = NGXVoiceAgent;
			productReference = A1234567890123456789 /* NGXVoiceAgent.app */;
			productType = "com.apple.product-type.application";
		};
/* End PBXNativeTarget section */

/* Begin XCBuildConfiguration section */
		A1234567890123456803 /* Debug */ = {
			isa = XCBuildConfiguration;
			buildSettings = {
				ASSETCATALOG_COMPILER_APPICON_NAME = AppIcon;
				ASSETCATALOG_COMPILER_GLOBAL_ACCENT_COLOR_NAME = AccentColor;
				CODE_SIGN_STYLE = Automatic;
				CURRENT_PROJECT_VERSION = 1;
				DEVELOPMENT_ASSET_PATHS = "\"NGXVoiceAgent/Preview Content\"";
				DEVELOPMENT_TEAM = "";
				ENABLE_PREVIEWS = YES;
				GENERATE_INFOPLIST_FILE = YES;
				INFOPLIST_KEY_UIApplicationSceneManifest_Generation = YES;
				INFOPLIST_KEY_UIApplicationSupportsIndirectInputEvents = YES;
				INFOPLIST_KEY_UILaunchScreen_Generation = YES;
				INFOPLIST_KEY_UISupportedInterfaceOrientations_iPad = "UIInterfaceOrientationPortrait UIInterfaceOrientationPortraitUpsideDown UIInterfaceOrientationLandscapeLeft UIInterfaceOrientationLandscapeRight";
				INFOPLIST_KEY_UISupportedInterfaceOrientations_iPhone = "UIInterfaceOrientationPortrait UIInterfaceOrientationLandscapeLeft UIInterfaceOrientationLandscapeRight";
				IPHONEOS_DEPLOYMENT_TARGET = 15.0;
				LD_RUNPATH_SEARCH_PATHS = (
					"$(inherited)",
					"@executable_path/Frameworks",
				);
				MARKETING_VERSION = 1.0;
				PRODUCT_BUNDLE_IDENTIFIER = com.ngx.voiceagent;
				PRODUCT_NAME = "$(TARGET_NAME)";
				SWIFT_EMIT_LOC_STRINGS = YES;
				SWIFT_VERSION = 5.0;
				TARGETED_DEVICE_FAMILY = "1,2";
			};
			name = Debug;
		};
		A1234567890123456804 /* Release */ = {
			isa = XCBuildConfiguration;
			buildSettings = {
				ASSETCATALOG_COMPILER_APPICON_NAME = AppIcon;
				ASSETCATALOG_COMPILER_GLOBAL_ACCENT_COLOR_NAME = AccentColor;
				CODE_SIGN_STYLE = Automatic;
				CURRENT_PROJECT_VERSION = 1;
				DEVELOPMENT_ASSET_PATHS = "\"NGXVoiceAgent/Preview Content\"";
				DEVELOPMENT_TEAM = "";
				ENABLE_PREVIEWS = YES;
				GENERATE_INFOPLIST_FILE = YES;
				INFOPLIST_KEY_UIApplicationSceneManifest_Generation = YES;
				INFOPLIST_KEY_UIApplicationSupportsIndirectInputEvents = YES;
				INFOPLIST_KEY_UILaunchScreen_Generation = YES;
				INFOPLIST_KEY_UISupportedInterfaceOrientations_iPad = "UIInterfaceOrientationPortrait UIInterfaceOrientationPortraitUpsideDown UIInterfaceOrientationLandscapeLeft UIInterfaceOrientationLandscapeRight";
				INFOPLIST_KEY_UISupportedInterfaceOrientations_iPhone = "UIInterfaceOrientationPortrait UIInterfaceOrientationLandscapeLeft UIInterfaceOrientationLandscapeRight";
				IPHONEOS_DEPLOYMENT_TARGET = 15.0;
				LD_RUNPATH_SEARCH_PATHS = (
					"$(inherited)",
					"@executable_path/Frameworks",
				);
				MARKETING_VERSION = 1.0;
				PRODUCT_BUNDLE_IDENTIFIER = com.ngx.voiceagent;
				PRODUCT_NAME = "$(TARGET_NAME)";
				SWIFT_EMIT_LOC_STRINGS = YES;
				SWIFT_VERSION = 5.0;
				TARGETED_DEVICE_FAMILY = "1,2";
			};
			name = Release;
		};
/* End XCBuildConfiguration section */

		rootObject = A1234567890123456795 /* Project object */;
	};
}